
Microsoft Visual Studio Solution File, Format Version 12.00
# Visual Studio Version 17
VisualStudioVersion = 17.8.34309.116
MinimumVisualStudioVersion = 10.0.40219.1
Project("{8BC9CEB8-8B4A-11D0-8D11-00A0C91BC942}") = "FQT", "FQT.vcxproj", "{A46DBD61-E686-4C13-9E60-BBE98D1CAEB7}"
EndProject
Global
	GlobalSection(SolutionConfigurationPlatforms) = preSolution
		Debug|x64 = Debug|x64
		Debug|x86 = Debug|x86
		Release|x64 = Release|x64
		Release|x86 = Release|x86
	EndGlobalSection
	GlobalSection(ProjectConfigurationPlatforms) = postSolution
		{A46DBD61-E686-4C13-9E60-BBE98D1CAEB7}.Debug|x64.ActiveCfg = Debug|x64
		{A46DBD61-E686-4C13-9E60-BBE98D1CAEB7}.Debug|x64.Build.0 = Debug|x64
		{A46DBD61-E686-4C13-9E60-BBE98D1CAEB7}.Debug|x86.ActiveCfg = Debug|Win32
		{A46DBD61-E686-4C13-9E60-BBE98D1CAEB7}.Debug|x86.Build.0 = Debug|Win32
		{A46DBD61-E686-4C13-9E60-BBE98D1CAEB7}.Release|x64.ActiveCfg = Release|x64
		{A46DBD61-E686-4C13-9E60-BBE98D1CAEB7}.Release|x64.Build.0 = Release|x64
		{A46DBD61-E686-4C13-9E60-BBE98D1CAEB7}.Release|x86.ActiveCfg = Release|Win32
		{A46DBD61-E686-4C13-9E60-BBE98D1CAEB7}.Release|x86.Build.0 = Release|Win32
	EndGlobalSection
	GlobalSection(SolutionProperties) = preSolution
		HideSolutionNode = FALSE
	EndGlobalSection
	GlobalSection(ExtensibilityGlobals) = postSolution
		SolutionGuid = {532E7128-5129-4E2A-9901-96861D44EAE8}
	EndGlobalSection
EndGlobal
